// !$*UTF8*$!
{
	archiveVersion = 1;
	classes = {
	};
	objectVersion = 50;
	objects = {

/* Begin PBXBuildFile section */
		1E2FC348220E1BFE00EFC9A8 /* AppDelegate.swift in Sources */ = {isa = PBXBuildFile; fileRef = 1E2FC347220E1BFE00EFC9A8 /* AppDelegate.swift */; };
		1E2FC34D220E1BFE00EFC9A8 /* Main.storyboard in Resources */ = {isa = PBXBuildFile; fileRef = 1E2FC34B220E1BFE00EFC9A8 /* Main.storyboard */; };
		1E2FC34F220E1C0000EFC9A8 /* Assets.xcassets in Resources */ = {isa = PBXBuildFile; fileRef = 1E2FC34E220E1C0000EFC9A8 /* Assets.xcassets */; };
		1E2FC352220E1C0000EFC9A8 /* LaunchScreen.storyboard in Resources */ = {isa = PBXBuildFile; fileRef = 1E2FC350220E1C0000EFC9A8 /* LaunchScreen.storyboard */; };
		1E2FC35D220E2C8E00EFC9A8 /* SWRevealViewController.m in Sources */ = {isa = PBXBuildFile; fileRef = 1E2FC35B220E2C8D00EFC9A8 /* SWRevealViewController.m */; };
		1E2FC362220E303800EFC9A8 /* ChatVC.swift in Sources */ = {isa = PBXBuildFile; fileRef = 1E2FC361220E303800EFC9A8 /* ChatVC.swift */; };
		1E2FC364220E306000EFC9A8 /* ChannelVC.swift in Sources */ = {isa = PBXBuildFile; fileRef = 1E2FC363220E306000EFC9A8 /* ChannelVC.swift */; };
		1E9DC721220E625C00CD14B2 /* GradientView.swift in Sources */ = {isa = PBXBuildFile; fileRef = 1E9DC720220E625C00CD14B2 /* GradientView.swift */; };
		1E9DC724220E6FB100CD14B2 /* Constants.swift in Sources */ = {isa = PBXBuildFile; fileRef = 1E9DC723220E6FB100CD14B2 /* Constants.swift */; };
		1E9DC726220E74F000CD14B2 /* LoginVC.swift in Sources */ = {isa = PBXBuildFile; fileRef = 1E9DC725220E74F000CD14B2 /* LoginVC.swift */; };
		AAE4E3E23D7D16D83B89A255 /* Pods_SmackApp2.framework in Frameworks */ = {isa = PBXBuildFile; fileRef = F011B9C68181B5703D3496DE /* Pods_SmackApp2.framework */; };
/* End PBXBuildFile section */

/* Begin PBXFileReference section */
		1E2FC344220E1BFE00EFC9A8 /* SmackApp2.app */ = {isa = PBXFileReference; explicitFileType = wrapper.application; includeInIndex = 0; path = SmackApp2.app; sourceTree = BUILT_PRODUCTS_DIR; };
		1E2FC347220E1BFE00EFC9A8 /* AppDelegate.swift */ = {isa = PBXFileReference; lastKnownFileType = sourcecode.swift; path = AppDelegate.swift; sourceTree = "<group>"; };
		1E2FC34C220E1BFE00EFC9A8 /* Base */ = {isa = PBXFileReference; lastKnownFileType = file.storyboard; name = Base; path = Base.lproj/Main.storyboard; sourceTree = "<group>"; };
		1E2FC34E220E1C0000EFC9A8 /* Assets.xcassets */ = {isa = PBXFileReference; lastKnownFileType = folder.assetcatalog; path = Assets.xcassets; sourceTree = "<group>"; };
		1E2FC351220E1C0000EFC9A8 /* Base */ = {isa = PBXFileReference; lastKnownFileType = file.storyboard; name = Base; path = Base.lproj/LaunchScreen.storyboard; sourceTree = "<group>"; };
		1E2FC353220E1C0000EFC9A8 /* Info.plist */ = {isa = PBXFileReference; lastKnownFileType = text.plist.xml; path = Info.plist; sourceTree = "<group>"; };
		1E2FC35A220E2C8C00EFC9A8 /* SmackApp2-Bridging-Header.h */ = {isa = PBXFileReference; lastKnownFileType = sourcecode.c.h; path = "SmackApp2-Bridging-Header.h"; sourceTree = "<group>"; };
		1E2FC35B220E2C8D00EFC9A8 /* SWRevealViewController.m */ = {isa = PBXFileReference; fileEncoding = 4; lastKnownFileType = sourcecode.c.objc; path = SWRevealViewController.m; sourceTree = "<group>"; };
		1E2FC35C220E2C8E00EFC9A8 /* SWRevealViewController.h */ = {isa = PBXFileReference; fileEncoding = 4; lastKnownFileType = sourcecode.c.h; path = SWRevealViewController.h; sourceTree = "<group>"; };
		1E2FC361220E303800EFC9A8 /* ChatVC.swift */ = {isa = PBXFileReference; lastKnownFileType = sourcecode.swift; path = ChatVC.swift; sourceTree = "<group>"; };
		1E2FC363220E306000EFC9A8 /* ChannelVC.swift */ = {isa = PBXFileReference; lastKnownFileType = sourcecode.swift; path = ChannelVC.swift; sourceTree = "<group>"; };
		1E9DC720220E625C00CD14B2 /* GradientView.swift */ = {isa = PBXFileReference; lastKnownFileType = sourcecode.swift; path = GradientView.swift; sourceTree = "<group>"; };
		1E9DC723220E6FB100CD14B2 /* Constants.swift */ = {isa = PBXFileReference; lastKnownFileType = sourcecode.swift; path = Constants.swift; sourceTree = "<group>"; };
		1E9DC725220E74F000CD14B2 /* LoginVC.swift */ = {isa = PBXFileReference; lastKnownFileType = sourcecode.swift; path = LoginVC.swift; sourceTree = "<group>"; };
		E7D72CDE93446217B56E6537 /* Pods-SmackApp2.release.xcconfig */ = {isa = PBXFileReference; includeInIndex = 1; lastKnownFileType = text.xcconfig; name = "Pods-SmackApp2.release.xcconfig"; path = "Pods/Target Support Files/Pods-SmackApp2/Pods-SmackApp2.release.xcconfig"; sourceTree = "<group>"; };
		E88A7FD5F350E0193610CFE0 /* Pods-SmackApp2.debug.xcconfig */ = {isa = PBXFileReference; includeInIndex = 1; lastKnownFileType = text.xcconfig; name = "Pods-SmackApp2.debug.xcconfig"; path = "Pods/Target Support Files/Pods-SmackApp2/Pods-SmackApp2.debug.xcconfig"; sourceTree = "<group>"; };
		F011B9C68181B5703D3496DE /* Pods_SmackApp2.framework */ = {isa = PBXFileReference; explicitFileType = wrapper.framework; includeInIndex = 0; path = Pods_SmackApp2.framework; sourceTree = BUILT_PRODUCTS_DIR; };
/* End PBXFileReference section */

/* Begin PBXFrameworksBuildPhase section */
		1E2FC341220E1BFE00EFC9A8 /* Frameworks */ = {
			isa = PBXFrameworksBuildPhase;
			buildActionMask = 2147483647;
			files = (
				AAE4E3E23D7D16D83B89A255 /* Pods_SmackApp2.framework in Frameworks */,
			);
			runOnlyForDeploymentPostprocessing = 0;
		};
/* End PBXFrameworksBuildPhase section */

/* Begin PBXGroup section */
		1E2FC33B220E1BFE00EFC9A8 = {
			isa = PBXGroup;
			children = (
				1E2FC346220E1BFE00EFC9A8 /* SmackApp2 */,
				1E2FC345220E1BFE00EFC9A8 /* Products */,
				50E319880030E24EB4A03889 /* Pods */,
				80A4AC9A9CF321CDF34D69C6 /* Frameworks */,
			);
			sourceTree = "<group>";
		};
		1E2FC345220E1BFE00EFC9A8 /* Products */ = {
			isa = PBXGroup;
			children = (
				1E2FC344220E1BFE00EFC9A8 /* SmackApp2.app */,
			);
			name = Products;
			sourceTree = "<group>";
		};
		1E2FC346220E1BFE00EFC9A8 /* SmackApp2 */ = {
			isa = PBXGroup;
			children = (
				1E9DC722220E6F6100CD14B2 /* Utilities */,
				1E9DC71F220E624C00CD14B2 /* Model */,
				1E9DC71E220E624300CD14B2 /* View */,
				1E2FC35E220E2FF100EFC9A8 /* Controller */,
				1E2FC359220E2C5100EFC9A8 /* Supporting Files */,
				1E2FC347220E1BFE00EFC9A8 /* AppDelegate.swift */,
				1E2FC34B220E1BFE00EFC9A8 /* Main.storyboard */,
				1E2FC34E220E1C0000EFC9A8 /* Assets.xcassets */,
				1E2FC350220E1C0000EFC9A8 /* LaunchScreen.storyboard */,
				1E2FC353220E1C0000EFC9A8 /* Info.plist */,
			);
			path = SmackApp2;
			sourceTree = "<group>";
		};
		1E2FC359220E2C5100EFC9A8 /* Supporting Files */ = {
			isa = PBXGroup;
			children = (
				1E2FC35C220E2C8E00EFC9A8 /* SWRevealViewController.h */,
				1E2FC35B220E2C8D00EFC9A8 /* SWRevealViewController.m */,
				1E2FC35A220E2C8C00EFC9A8 /* SmackApp2-Bridging-Header.h */,
			);
			path = "Supporting Files";
			sourceTree = "<group>";
		};
		1E2FC35E220E2FF100EFC9A8 /* Controller */ = {
			isa = PBXGroup;
			children = (
				1E2FC361220E303800EFC9A8 /* ChatVC.swift */,
				1E2FC363220E306000EFC9A8 /* ChannelVC.swift */,
				1E9DC725220E74F000CD14B2 /* LoginVC.swift */,
			);
			path = Controller;
			sourceTree = "<group>";
		};
		1E9DC71E220E624300CD14B2 /* View */ = {
			isa = PBXGroup;
			children = (
				1E9DC720220E625C00CD14B2 /* GradientView.swift */,
			);
			path = View;
			sourceTree = "<group>";
		};
		1E9DC71F220E624C00CD14B2 /* Model */ = {
			isa = PBXGroup;
			children = (
			);
			path = Model;
			sourceTree = "<group>";
		};
		1E9DC722220E6F6100CD14B2 /* Utilities */ = {
			isa = PBXGroup;
			children = (
				1E9DC723220E6FB100CD14B2 /* Constants.swift */,
			);
			path = Utilities;
			sourceTree = "<group>";
		};
		50E319880030E24EB4A03889 /* Pods */ = {
			isa = PBXGroup;
			children = (
				E88A7FD5F350E0193610CFE0 /* Pods-SmackApp2.debug.xcconfig */,
				E7D72CDE93446217B56E6537 /* Pods-SmackApp2.release.xcconfig */,
			);
			name = Pods;
			sourceTree = "<group>";
		};
		80A4AC9A9CF321CDF34D69C6 /* Frameworks */ = {
			isa = PBXGroup;
			children = (
				F011B9C68181B5703D3496DE /* Pods_SmackApp2.framework */,
			);
			name = Frameworks;
			sourceTree = "<group>";
		};
/* End PBXGroup section */

/* Begin PBXNativeTarget section */
		1E2FC343220E1BFE00EFC9A8 /* SmackApp2 */ = {
			isa = PBXNativeTarget;
			buildConfigurationList = 1E2FC356220E1C0000EFC9A8 /* Build configuration list for PBXNativeTarget "SmackApp2" */;
			buildPhases = (
				EA896305544740DD29E46DDC /* [CP] Check Pods Manifest.lock */,
				1E2FC340220E1BFE00EFC9A8 /* Sources */,
				1E2FC341220E1BFE00EFC9A8 /* Frameworks */,
				1E2FC342220E1BFE00EFC9A8 /* Resources */,
				41A905197C1F87150F3DD7FC /* [CP] Embed Pods Frameworks */,
			);
			buildRules = (
			);
			dependencies = (
			);
			name = SmackApp2;
			productName = SmackApp2;
			productReference = 1E2FC344220E1BFE00EFC9A8 /* SmackApp2.app */;
			productType = "com.apple.product-type.application";
		};
/* End PBXNativeTarget section */

/* Begin PBXProject section */
		1E2FC33C220E1BFE00EFC9A8 /* Project object */ = {
			isa = PBXProject;
			attributes = {
				LastSwiftUpdateCheck = 1010;
				LastUpgradeCheck = 1010;
				ORGANIZATIONNAME = "Sabri Sönmez";
				TargetAttributes = {
					1E2FC343220E1BFE00EFC9A8 = {
						CreatedOnToolsVersion = 10.1;
						LastSwiftMigration = 1010;
					};
				};
			};
			buildConfigurationList = 1E2FC33F220E1BFE00EFC9A8 /* Build configuration list for PBXProject "SmackApp2" */;
			compatibilityVersion = "Xcode 9.3";
			developmentRegion = en;
			hasScannedForEncodings = 0;
			knownRegions = (
				en,
				Base,
			);
			mainGroup = 1E2FC33B220E1BFE00EFC9A8;
			productRefGroup = 1E2FC345220E1BFE00EFC9A8 /* Products */;
			projectDirPath = "";
			projectRoot = "";
			targets = (
				1E2FC343220E1BFE00EFC9A8 /* SmackApp2 */,
			);
		};
/* End PBXProject section */

/* Begin PBXResourcesBuildPhase section */
		1E2FC342220E1BFE00EFC9A8 /* Resources */ = {
			isa = PBXResourcesBuildPhase;
			buildActionMask = 2147483647;
			files = (
				1E2FC352220E1C0000EFC9A8 /* LaunchScreen.storyboard in Resources */,
				1E2FC34F220E1C0000EFC9A8 /* Assets.xcassets in Resources */,
				1E2FC34D220E1BFE00EFC9A8 /* Main.storyboard in Resources */,
			);
			runOnlyForDeploymentPostprocessing = 0;
		};
/* End PBXResourcesBuildPhase section */

/* Begin PBXShellScriptBuildPhase section */
		41A905197C1F87150F3DD7FC /* [CP] Embed Pods Frameworks */ = {
			isa = PBXShellScriptBuildPhase;
			buildActionMask = 2147483647;
			files = (
			);
			inputPaths = (
				"${SRCROOT}/Pods/Target Support Files/Pods-SmackApp2/Pods-SmackApp2-frameworks.sh",
				"${BUILT_PRODUCTS_DIR}/Alamofire/Alamofire.framework",
				"${BUILT_PRODUCTS_DIR}/Socket.IO-Client-Swift/SocketIO.framework",
				"${BUILT_PRODUCTS_DIR}/Starscream/Starscream.framework",
				"${BUILT_PRODUCTS_DIR}/SwiftyJSON/SwiftyJSON.framework",
			);
			name = "[CP] Embed Pods Frameworks";
			outputPaths = (
				"${TARGET_BUILD_DIR}/${FRAMEWORKS_FOLDER_PATH}/Alamofire.framework",
				"${TARGET_BUILD_DIR}/${FRAMEWORKS_FOLDER_PATH}/SocketIO.framework",
				"${TARGET_BUILD_DIR}/${FRAMEWORKS_FOLDER_PATH}/Starscream.framework",
				"${TARGET_BUILD_DIR}/${FRAMEWORKS_FOLDER_PATH}/SwiftyJSON.framework",
			);
			runOnlyForDeploymentPostprocessing = 0;
			shellPath = /bin/sh;
			shellScript = "\"${SRCROOT}/Pods/Target Support Files/Pods-SmackApp2/Pods-SmackApp2-frameworks.sh\"\n";
			showEnvVarsInLog = 0;
		};
		EA896305544740DD29E46DDC /* [CP] Check Pods Manifest.lock */ = {
			isa = PBXShellScriptBuildPhase;
			buildActionMask = 2147483647;
			files = (
			);
			inputPaths = (
				"${PODS_PODFILE_DIR_PATH}/Podfile.lock",
				"${PODS_ROOT}/Manifest.lock",
			);
			name = "[CP] Check Pods Manifest.lock";
			outputPaths = (
				"$(DERIVED_FILE_DIR)/Pods-SmackApp2-checkManifestLockResult.txt",
			);
			runOnlyForDeploymentPostprocessing = 0;
			shellPath = /bin/sh;
			shellScript = "diff \"${PODS_PODFILE_DIR_PATH}/Podfile.lock\" \"${PODS_ROOT}/Manifest.lock\" > /dev/null\nif [ $? != 0 ] ; then\n    # print error to STDERR\n    echo \"error: The sandbox is not in sync with the Podfile.lock. Run 'pod install' or update your CocoaPods installation.\" >&2\n    exit 1\nfi\n# This output is used by Xcode 'outputs' to avoid re-running this script phase.\necho \"SUCCESS\" > \"${SCRIPT_OUTPUT_FILE_0}\"\n";
			showEnvVarsInLog = 0;
		};
/* End PBXShellScriptBuildPhase section */

/* Begin PBXSourcesBuildPhase section */
		1E2FC340220E1BFE00EFC9A8 /* Sources */ = {
			isa = PBXSourcesBuildPhase;
			buildActionMask = 2147483647;
			files = (
				1E2FC364220E306000EFC9A8 /* ChannelVC.swift in Sources */,
				1E2FC362220E303800EFC9A8 /* ChatVC.swift in Sources */,
				1E9DC726220E74F000CD14B2 /* LoginVC.swift in Sources */,
				1E9DC721220E625C00CD14B2 /* GradientView.swift in Sources */,
				1E2FC348220E1BFE00EFC9A8 /* AppDelegate.swift in Sources */,
				1E2FC35D220E2C8E00EFC9A8 /* SWRevealViewController.m in Sources */,
				1E9DC724220E6FB100CD14B2 /* Constants.swift in Sources */,
			);
			runOnlyForDeploymentPostprocessing = 0;
		};
/* End PBXSourcesBuildPhase section */

/* Begin PBXVariantGroup section */
		1E2FC34B220E1BFE00EFC9A8 /* Main.storyboard */ = {
			isa = PBXVariantGroup;
			children = (
				1E2FC34C220E1BFE00EFC9A8 /* Base */,
			);
			name = Main.storyboard;
			sourceTree = "<group>";
		};
		1E2FC350220E1C0000EFC9A8 /* LaunchScreen.storyboard */ = {
			isa = PBXVariantGroup;
			children = (
				1E2FC351220E1C0000EFC9A8 /* Base */,
			);
			name = LaunchScreen.storyboard;
			sourceTree = "<group>";
		};
/* End PBXVariantGroup section */

/* Begin XCBuildConfiguration section */
		1E2FC354220E1C0000EFC9A8 /* Debug */ = {
			isa = XCBuildConfiguration;
			buildSettings = {
				ALWAYS_SEARCH_USER_PATHS = NO;
				CLANG_ANALYZER_NONNULL = YES;
				CLANG_ANALYZER_NUMBER_OBJECT_CONVERSION = YES_AGGRESSIVE;
				CLANG_CXX_LANGUAGE_STANDARD = "gnu++14";
				CLANG_CXX_LIBRARY = "libc++";
				CLANG_ENABLE_MODULES = YES;
				CLANG_ENABLE_OBJC_ARC = YES;
				CLANG_ENABLE_OBJC_WEAK = YES;
				CLANG_WARN_BLOCK_CAPTURE_AUTORELEASING = YES;
				CLANG_WARN_BOOL_CONVERSION = YES;
				CLANG_WARN_COMMA = YES;
				CLANG_WARN_CONSTANT_CONVERSION = YES;
				CLANG_WARN_DEPRECATED_OBJC_IMPLEMENTATIONS = YES;
				CLANG_WARN_DIRECT_OBJC_ISA_USAGE = YES_ERROR;
				CLANG_WARN_DOCUMENTATION_COMMENTS = YES;
				CLANG_WARN_EMPTY_BODY = YES;
				CLANG_WARN_ENUM_CONVERSION = YES;
				CLANG_WARN_INFINITE_RECURSION = YES;
				CLANG_WARN_INT_CONVERSION = YES;
				CLANG_WARN_NON_LITERAL_NULL_CONVERSION = YES;
				CLANG_WARN_OBJC_IMPLICIT_RETAIN_SELF = YES;
				CLANG_WARN_OBJC_LITERAL_CONVERSION = YES;
				CLANG_WARN_OBJC_ROOT_CLASS = YES_ERROR;
				CLANG_WARN_RANGE_LOOP_ANALYSIS = YES;
				CLANG_WARN_STRICT_PROTOTYPES = YES;
				CLANG_WARN_SUSPICIOUS_MOVE = YES;
				CLANG_WARN_UNGUARDED_AVAILABILITY = YES_AGGRESSIVE;
				CLANG_WARN_UNREACHABLE_CODE = YES;
				CLANG_WARN__DUPLICATE_METHOD_MATCH = YES;
				CODE_SIGN_IDENTITY = "iPhone Developer";
				COPY_PHASE_STRIP = NO;
				DEBUG_INFORMATION_FORMAT = dwarf;
				ENABLE_STRICT_OBJC_MSGSEND = YES;
				ENABLE_TESTABILITY = YES;
				GCC_C_LANGUAGE_STANDARD = gnu11;
				GCC_DYNAMIC_NO_PIC = NO;
				GCC_NO_COMMON_BLOCKS = YES;
				GCC_OPTIMIZATION_LEVEL = 0;
				GCC_PREPROCESSOR_DEFINITIONS = (
					"DEBUG=1",
					"$(inherited)",
				);
				GCC_WARN_64_TO_32_BIT_CONVERSION = YES;
				GCC_WARN_ABOUT_RETURN_TYPE = YES_ERROR;
				GCC_WARN_UNDECLARED_SELECTOR = YES;
				GCC_WARN_UNINITIALIZED_AUTOS = YES_AGGRESSIVE;
				GCC_WARN_UNUSED_FUNCTION = YES;
				GCC_WARN_UNUSED_VARIABLE = YES;
				IPHONEOS_DEPLOYMENT_TARGET = 12.1;
				MTL_ENABLE_DEBUG_INFO = INCLUDE_SOURCE;
				MTL_FAST_MATH = YES;
				ONLY_ACTIVE_ARCH = YES;
				SDKROOT = iphoneos;
				SWIFT_ACTIVE_COMPILATION_CONDITIONS = DEBUG;
				SWIFT_OPTIMIZATION_LEVEL = "-Onone";
			};
			name = Debug;
		};
		1E2FC355220E1C0000EFC9A8 /* Release */ = {
			isa = XCBuildConfiguration;
			buildSettings = {
				ALWAYS_SEARCH_USER_PATHS = NO;
				CLANG_ANALYZER_NONNULL = YES;
				CLANG_ANALYZER_NUMBER_OBJECT_CONVERSION = YES_AGGRESSIVE;
				CLANG_CXX_LANGUAGE_STANDARD = "gnu++14";
				CLANG_CXX_LIBRARY = "libc++";
				CLANG_ENABLE_MODULES = YES;
				CLANG_ENABLE_OBJC_ARC = YES;
				CLANG_ENABLE_OBJC_WEAK = YES;
				CLANG_WARN_BLOCK_CAPTURE_AUTORELEASING = YES;
				CLANG_WARN_BOOL_CONVERSION = YES;
				CLANG_WARN_COMMA = YES;
				CLANG_WARN_CONSTANT_CONVERSION = YES;
				CLANG_WARN_DEPRECATED_OBJC_IMPLEMENTATIONS = YES;
				CLANG_WARN_DIRECT_OBJC_ISA_USAGE = YES_ERROR;
				CLANG_WARN_DOCUMENTATION_COMMENTS = YES;
				CLANG_WARN_EMPTY_BODY = YES;
				CLANG_WARN_ENUM_CONVERSION = YES;
				CLANG_WARN_INFINITE_RECURSION = YES;
				CLANG_WARN_INT_CONVERSION = YES;
				CLANG_WARN_NON_LITERAL_NULL_CONVERSION = YES;
				CLANG_WARN_OBJC_IMPLICIT_RETAIN_SELF = YES;
				CLANG_WARN_OBJC_LITERAL_CONVERSION = YES;
				CLANG_WARN_OBJC_ROOT_CLASS = YES_ERROR;
				CLANG_WARN_RANGE_LOOP_ANALYSIS = YES;
				CLANG_WARN_STRICT_PROTOTYPES = YES;
				CLANG_WARN_SUSPICIOUS_MOVE = YES;
				CLANG_WARN_UNGUARDED_AVAILABILITY = YES_AGGRESSIVE;
				CLANG_WARN_UNREACHABLE_CODE = YES;
				CLANG_WARN__DUPLICATE_METHOD_MATCH = YES;
				CODE_SIGN_IDENTITY = "iPhone Developer";
				COPY_PHASE_STRIP = NO;
				DEBUG_INFORMATION_FORMAT = "dwarf-with-dsym";
				ENABLE_NS_ASSERTIONS = NO;
				ENABLE_STRICT_OBJC_MSGSEND = YES;
				GCC_C_LANGUAGE_STANDARD = gnu11;
				GCC_NO_COMMON_BLOCKS = YES;
				GCC_WARN_64_TO_32_BIT_CONVERSION = YES;
				GCC_WARN_ABOUT_RETURN_TYPE = YES_ERROR;
				GCC_WARN_UNDECLARED_SELECTOR = YES;
				GCC_WARN_UNINITIALIZED_AUTOS = YES_AGGRESSIVE;
				GCC_WARN_UNUSED_FUNCTION = YES;
				GCC_WARN_UNUSED_VARIABLE = YES;
				IPHONEOS_DEPLOYMENT_TARGET = 12.1;
				MTL_ENABLE_DEBUG_INFO = NO;
				MTL_FAST_MATH = YES;
				SDKROOT = iphoneos;
				SWIFT_COMPILATION_MODE = wholemodule;
				SWIFT_OPTIMIZATION_LEVEL = "-O";
				VALIDATE_PRODUCT = YES;
			};
			name = Release;
		};
		1E2FC357220E1C0000EFC9A8 /* Debug */ = {
			isa = XCBuildConfiguration;
			baseConfigurationReference = E88A7FD5F350E0193610CFE0 /* Pods-SmackApp2.debug.xcconfig */;
			buildSettings = {
				ASSETCATALOG_COMPILER_APPICON_NAME = AppIcon;
				CLANG_ENABLE_MODULES = YES;
				CODE_SIGN_STYLE = Automatic;
				INFOPLIST_FILE = SmackApp2/Info.plist;
				LD_RUNPATH_SEARCH_PATHS = (
					"$(inherited)",
					"@executable_path/Frameworks",
				);
				PRODUCT_BUNDLE_IDENTIFIER = sabri.SmackApp2;
				PRODUCT_NAME = "$(TARGET_NAME)";
				SWIFT_OBJC_BRIDGING_HEADER = "SmackApp2/Supporting Files/SmackApp2-Bridging-Header.h";
				SWIFT_OPTIMIZATION_LEVEL = "-Onone";
				SWIFT_VERSION = 4.2;
				TARGETED_DEVICE_FAMILY = "1,2";
			};
			name = Debug;
		};
		1E2FC358220E1C0000EFC9A8 /* Release */ = {
			isa = XCBuildConfiguration;
			baseConfigurationReference = E7D72CDE93446217B56E6537 /* Pods-SmackApp2.release.xcconfig */;
			buildSettings = {
				ASSETCATALOG_COMPILER_APPICON_NAME = AppIcon;
				CLANG_ENABLE_MODULES = YES;
				CODE_SIGN_STYLE = Automatic;
				INFOPLIST_FILE = SmackApp2/Info.plist;
				LD_RUNPATH_SEARCH_PATHS = (
					"$(inherited)",
					"@executable_path/Frameworks",
				);
				PRODUCT_BUNDLE_IDENTIFIER = sabri.SmackApp2;
				PRODUCT_NAME = "$(TARGET_NAME)";
				SWIFT_OBJC_BRIDGING_HEADER = "SmackApp2/Supporting Files/SmackApp2-Bridging-Header.h";
				SWIFT_VERSION = 4.2;
				TARGETED_DEVICE_FAMILY = "1,2";
			};
			name = Release;
		};
/* End XCBuildConfiguration section */

/* Begin XCConfigurationList section */
		1E2FC33F220E1BFE00EFC9A8 /* Build configuration list for PBXProject "SmackApp2" */ = {
			isa = XCConfigurationList;
			buildConfigurations = (
				1E2FC354220E1C0000EFC9A8 /* Debug */,
				1E2FC355220E1C0000EFC9A8 /* Release */,
			);
			defaultConfigurationIsVisible = 0;
			defaultConfigurationName = Release;
		};
		1E2FC356220E1C0000EFC9A8 /* Build configuration list for PBXNativeTarget "SmackApp2" */ = {
			isa = XCConfigurationList;
			buildConfigurations = (
				1E2FC357220E1C0000EFC9A8 /* Debug */,
				1E2FC358220E1C0000EFC9A8 /* Release */,
			);
			defaultConfigurationIsVisible = 0;
			defaultConfigurationName = Release;
		};
/* End XCConfigurationList section */
	};
	rootObject = 1E2FC33C220E1BFE00EFC9A8 /* Project object */;
}
